
Microsoft Visual Studio Solution File, Format Version 12.00
# Visual Studio Version 16
VisualStudioVersion = 16.0.29609.76
MinimumVisualStudioVersion = 10.0.40219.1
Project("{FAE04EC0-301F-11D3-BF4B-00C04F79EFBC}") = "SalesWebMvc", "SalesWebMvc\SalesWebMvc.csproj", "{2BE52185-3BFB-46B3-A103-678E9A8A005A}"
EndProject
Global
	GlobalSection(SolutionConfigurationPlatforms) = preSolution
		Debug|Any CPU = Debug|Any CPU
		Release|Any CPU = Release|Any CPU
	EndGlobalSection
	GlobalSection(ProjectConfigurationPlatforms) = postSolution
		{2BE52185-3BFB-46B3-A103-678E9A8A005A}.Debug|Any CPU.ActiveCfg = Debug|Any CPU
		{2BE52185-3BFB-46B3-A103-678E9A8A005A}.Debug|Any CPU.Build.0 = Debug|Any CPU
		{2BE52185-3BFB-46B3-A103-678E9A8A005A}.Release|Any CPU.ActiveCfg = Release|Any CPU
		{2BE52185-3BFB-46B3-A103-678E9A8A005A}.Release|Any CPU.Build.0 = Release|Any CPU
	EndGlobalSection
	GlobalSection(SolutionProperties) = preSolution
		HideSolutionNode = FALSE
	EndGlobalSection
	GlobalSection(ExtensibilityGlobals) = postSolution
		SolutionGuid = {656AFC3D-30FF-4C86-8F44-B6C97847B1F7}
	EndGlobalSection
EndGlobal
